<?xml version="1.0" encoding="utf-8"?>
<Project ToolsVersion="4.0" xmlns="http://schemas.microsoft.com/developer/msbuild/2003">
  <ItemGroup>
    <Filter Include="Source Files">
      <UniqueIdentifier>{4FC737F1-C7A5-4376-A066-2A32D752A2FF}</UniqueIdentifier>
      <Extensions>cpp;cxx;c;def</Extensions>
    </Filter>
    <Filter Include="Header Files">
      <UniqueIdentifier>{93995380-89BD-4b04-88EB-625FBE52EBFB}</UniqueIdentifier>
      <Extensions>h</Extensions>
    </Filter>
    <Filter Include="Form Files">
      <UniqueIdentifier>{99349809-55BA-4b9d-BF79-8FDBB0286EB3}</UniqueIdentifier>
      <Extensions>ui</Extensions>
    </Filter>
    <Filter Include="Resource Files">
      <UniqueIdentifier>{D9D6E242-F8AF-46E4-B9FD-80ECBC20BA3E}</UniqueIdentifier>
      <Extensions>qrc;*</Extensions>
      <ParseFiles>false</ParseFiles>
    </Filter>
    <Filter Include="Generated Files">
      <UniqueIdentifier>{71ED8ED8-ACB9-4CE9-BBE1-E00B30144E11}</UniqueIdentifier>
      <Extensions>moc;h;cpp</Extensions>
      <SourceControlFiles>False</SourceControlFiles>
    </Filter>
    <Filter Include="Generated Files\Debug">
      <UniqueIdentifier>{d8c7b2d6-7fbe-48f3-871b-c1f09cc025db}</UniqueIdentifier>
      <Extensions>cpp;moc</Extensions>
      <SourceControlFiles>False</SourceControlFiles>
    </Filter>
    <Filter Include="Generated Files\Release">
      <UniqueIdentifier>{7f536c31-4ed7-442c-92c3-5b05fb71e6cb}</UniqueIdentifier>
      <Extensions>cpp;moc</Extensions>
      <SourceControlFiles>False</SourceControlFiles>
    </Filter>
    <Filter Include="Algorithm">
      <UniqueIdentifier>{db7a9c54-d21a-47ae-9988-4d8d88740ec8}</UniqueIdentifier>
    </Filter>
  </ItemGroup>
  <ItemGroup>
    <ClCompile Include="main.cpp">
      <Filter>Source Files</Filter>
    </ClCompile>
    <ClCompile Include="qfadingwindow.cpp">
      <Filter>Source Files</Filter>
    </ClCompile>
    <ClCompile Include="GeneratedFiles\Debug\moc_qfadingwindow.cpp">
      <Filter>Generated Files\Debug</Filter>
    </ClCompile>
    <ClCompile Include="GeneratedFiles\Release\moc_qfadingwindow.cpp">
      <Filter>Generated Files\Release</Filter>
    </ClCompile>
    <ClCompile Include="GeneratedFiles\qrc_qfadingwindow.cpp">
      <Filter>Generated Files</Filter>
    </ClCompile>
    <ClCompile Include="glview.cpp">
      <Filter>Source Files</Filter>
    </ClCompile>
    <ClCompile Include="GeneratedFiles\Debug\moc_glview.cpp">
      <Filter>Generated Files\Debug</Filter>
    </ClCompile>
    <ClCompile Include="GeneratedFiles\Release\moc_glview.cpp">
      <Filter>Generated Files\Release</Filter>
    </ClCompile>
    <ClCompile Include="glm.cpp">
      <Filter>Source Files</Filter>
    </ClCompile>
    <ClCompile Include="BaseRender.cpp">
      <Filter>Algorithm</Filter>
    </ClCompile>
    <ClCompile Include="InterfaceRender.cpp">
      <Filter>Algorithm</Filter>
    </ClCompile>
    <ClCompile Include="ZbufferRender.cpp">
      <Filter>Algorithm</Filter>
    </ClCompile>
    <ClCompile Include="ScanRender.cpp">
      <Filter>Algorithm</Filter>
    </ClCompile>
    <ClCompile Include="ScanDataStructure.cpp">
      <Filter>Algorithm</Filter>
    </ClCompile>
    <ClCompile Include="SectionRender.cpp">
      <Filter>Algorithm</Filter>
    </ClCompile>
  </ItemGroup>
  <ItemGroup>
    <CustomBuild Include="qfadingwindow.h">
      <Filter>Header Files</Filter>
    </CustomBuild>
    <CustomBuild Include="qfadingwindow.ui">
      <Filter>Form Files</Filter>
    </CustomBuild>
    <CustomBuild Include="qfadingwindow.qrc">
      <Filter>Resource Files</Filter>
    </CustomBuild>
    <CustomBuild Include="glview.h">
      <Filter>Header Files</Filter>
    </CustomBuild>
    <CustomBuild Include="glview.ui">
      <Filter>Form Files</Filter>
    </CustomBuild>
  </ItemGroup>
  <ItemGroup>
    <ClInclude Include="GeneratedFiles\ui_qfadingwindow.h">
      <Filter>Generated Files</Filter>
    </ClInclude>
    <ClInclude Include="GeneratedFiles\ui_glview.h">
      <Filter>Generated Files</Filter>
    </ClInclude>
    <ClInclude Include="glm.h">
      <Filter>Header Files</Filter>
    </ClInclude>
    <ClInclude Include="BaseRender.h">
      <Filter>Algorithm</Filter>
    </ClInclude>
    <ClInclude Include="heads.h">
      <Filter>Header Files</Filter>
    </ClInclude>
    <ClInclude Include="SceneBuild.h">
      <Filter>Header Files</Filter>
    </ClInclude>
    <ClInclude Include="InterfaceRender.h">
      <Filter>Algorithm</Filter>
    </ClInclude>
    <ClInclude Include="debugs.h">
      <Filter>Header Files</Filter>
    </ClInclude>
    <ClInclude Include="ZbufferRender.h">
      <Filter>Algorithm</Filter>
    </ClInclude>
    <ClInclude Include="color.h">
      <Filter>Algorithm</Filter>
    </ClInclude>
    <ClInclude Include="ScanRender.h">
      <Filter>Algorithm</Filter>
    </ClInclude>
    <ClInclude Include="ScanDataStructure.h">
      <Filter>Algorithm</Filter>
    </ClInclude>
    <ClInclude Include="interactive.h">
      <Filter>Header Files</Filter>
    </ClInclude>
    <ClInclude Include="SectionRender.h">
      <Filter>Algorithm</Filter>
    </ClInclude>
    <ClInclude Include="SegmentTree.h">
      <Filter>Algorithm</Filter>
    </ClInclude>
  </ItemGroup>
</Project>